// !$*UTF8*$!
{
	archiveVersion = 1;
	classes = {
	};
	objectVersion = 56;
	objects = {

/* Begin PBXBuildFile section */
		A1C489572962F0900033790D /* GrooveApp.swift in Sources */ = {isa = PBXBuildFile; fileRef = A1C489562962F0900033790D /* GrooveApp.swift */; };
		A1C489592962F0900033790D /* ContentView.swift in Sources */ = {isa = PBXBuildFile; fileRef = A1C489582962F0900033790D /* ContentView.swift */; };
		A1C4895B2962F0900033790D /* Assets.xcassets in Resources */ = {isa = PBXBuildFile; fileRef = A1C4895A2962F0900033790D /* Assets.xcassets */; };
		A1C4895E2962F0900033790D /* Preview Assets.xcassets in Resources */ = {isa = PBXBuildFile; fileRef = A1C4895D2962F0900033790D /* Preview Assets.xcassets */; };
		A1C489682962F0910033790D /* GrooveTests.swift in Sources */ = {isa = PBXBuildFile; fileRef = A1C489672962F0910033790D /* GrooveTests.swift */; };
		A1C489722962F0910033790D /* GrooveUITests.swift in Sources */ = {isa = PBXBuildFile; fileRef = A1C489712962F0910033790D /* GrooveUITests.swift */; };
		A1C489742962F0910033790D /* GrooveUITestsLaunchTests.swift in Sources */ = {isa = PBXBuildFile; fileRef = A1C489732962F0910033790D /* GrooveUITestsLaunchTests.swift */; };
/* End PBXBuildFile section */

/* Begin PBXContainerItemProxy section */
		A1C489642962F0910033790D /* PBXContainerItemProxy */ = {
			isa = PBXContainerItemProxy;
			containerPortal = A1C4894B2962F0900033790D /* Project object */;
			proxyType = 1;
			remoteGlobalIDString = A1C489522962F0900033790D;
			remoteInfo = Groove;
		};
		A1C4896E2962F0910033790D /* PBXContainerItemProxy */ = {
			isa = PBXContainerItemProxy;
			containerPortal = A1C4894B2962F0900033790D /* Project object */;
			proxyType = 1;
			remoteGlobalIDString = A1C489522962F0900033790D;
			remoteInfo = Groove;
		};
/* End PBXContainerItemProxy section */

/* Begin PBXFileReference section */
		A1C489532962F0900033790D /* Groove.app */ = {isa = PBXFileReference; explicitFileType = wrapper.application; includeInIndex = 0; path = Groove.app; sourceTree = BUILT_PRODUCTS_DIR; };
		A1C489562962F0900033790D /* GrooveApp.swift */ = {isa = PBXFileReference; lastKnownFileType = sourcecode.swift; path = GrooveApp.swift; sourceTree = "<group>"; };
		A1C489582962F0900033790D /* ContentView.swift */ = {isa = PBXFileReference; lastKnownFileType = sourcecode.swift; path = ContentView.swift; sourceTree = "<group>"; };
		A1C4895A2962F0900033790D /* Assets.xcassets */ = {isa = PBXFileReference; lastKnownFileType = folder.assetcatalog; path = Assets.xcassets; sourceTree = "<group>"; };
		A1C4895D2962F0900033790D /* Preview Assets.xcassets */ = {isa = PBXFileReference; lastKnownFileType = folder.assetcatalog; path = "Preview Assets.xcassets"; sourceTree = "<group>"; };
		A1C489632962F0910033790D /* GrooveTests.xctest */ = {isa = PBXFileReference; explicitFileType = wrapper.cfbundle; includeInIndex = 0; path = GrooveTests.xctest; sourceTree = BUILT_PRODUCTS_DIR; };
		A1C489672962F0910033790D /* GrooveTests.swift */ = {isa = PBXFileReference; lastKnownFileType = sourcecode.swift; path = GrooveTests.swift; sourceTree = "<group>"; };
		A1C4896D2962F0910033790D /* GrooveUITests.xctest */ = {isa = PBXFileReference; explicitFileType = wrapper.cfbundle; includeInIndex = 0; path = GrooveUITests.xctest; sourceTree = BUILT_PRODUCTS_DIR; };
		A1C489712962F0910033790D /* GrooveUITests.swift */ = {isa = PBXFileReference; lastKnownFileType = sourcecode.swift; path = GrooveUITests.swift; sourceTree = "<group>"; };
		A1C489732962F0910033790D /* GrooveUITestsLaunchTests.swift */ = {isa = PBXFileReference; lastKnownFileType = sourcecode.swift; path = GrooveUITestsLaunchTests.swift; sourceTree = "<group>"; };
/* End PBXFileReference section */

/* Begin PBXFrameworksBuildPhase section */
		A1C489502962F0900033790D /* Frameworks */ = {
			isa = PBXFrameworksBuildPhase;
			buildActionMask = 2147483647;
			files = (
			);
			runOnlyForDeploymentPostprocessing = 0;
		};
		A1C489602962F0910033790D /* Frameworks */ = {
			isa = PBXFrameworksBuildPhase;
			buildActionMask = 2147483647;
			files = (
			);
			runOnlyForDeploymentPostprocessing = 0;
		};
		A1C4896A2962F0910033790D /* Frameworks */ = {
			isa = PBXFrameworksBuildPhase;
			buildActionMask = 2147483647;
			files = (
			);
			runOnlyForDeploymentPostprocessing = 0;
		};
/* End PBXFrameworksBuildPhase section */

/* Begin PBXGroup section */
		A1C4894A2962F0900033790D = {
			isa = PBXGroup;
			children = (
				A1C489552962F0900033790D /* Groove */,
				A1C489662962F0910033790D /* GrooveTests */,
				A1C489702962F0910033790D /* GrooveUITests */,
				A1C489542962F0900033790D /* Products */,
			);
			sourceTree = "<group>";
		};
		A1C489542962F0900033790D /* Products */ = {
			isa = PBXGroup;
			children = (
				A1C489532962F0900033790D /* Groove.app */,
				A1C489632962F0910033790D /* GrooveTests.xctest */,
				A1C4896D2962F0910033790D /* GrooveUITests.xctest */,
			);
			name = Products;
			sourceTree = "<group>";
		};
		A1C489552962F0900033790D /* Groove */ = {
			isa = PBXGroup;
			children = (
				A1C489562962F0900033790D /* GrooveApp.swift */,
				A1C489582962F0900033790D /* ContentView.swift */,
				A1C4895A2962F0900033790D /* Assets.xcassets */,
				A1C4895C2962F0900033790D /* Preview Content */,
			);
			path = Groove;
			sourceTree = "<group>";
		};
		A1C4895C2962F0900033790D /* Preview Content */ = {
			isa = PBXGroup;
			children = (
				A1C4895D2962F0900033790D /* Preview Assets.xcassets */,
			);
			path = "Preview Content";
			sourceTree = "<group>";
		};
		A1C489662962F0910033790D /* GrooveTests */ = {
			isa = PBXGroup;
			children = (
				A1C489672962F0910033790D /* GrooveTests.swift */,
			);
			path = GrooveTests;
			sourceTree = "<group>";
		};
		A1C489702962F0910033790D /* GrooveUITests */ = {
			isa = PBXGroup;
			children = (
				A1C489712962F0910033790D /* GrooveUITests.swift */,
				A1C489732962F0910033790D /* GrooveUITestsLaunchTests.swift */,
			);
			path = GrooveUITests;
			sourceTree = "<group>";
		};
/* End PBXGroup section */

/* Begin PBXNativeTarget section */
		A1C489522962F0900033790D /* Groove */ = {
			isa = PBXNativeTarget;
			buildConfigurationList = A1C489772962F0910033790D /* Build configuration list for PBXNativeTarget "Groove" */;
			buildPhases = (
				A1C4894F2962F0900033790D /* Sources */,
				A1C489502962F0900033790D /* Frameworks */,
				A1C489512962F0900033790D /* Resources */,
			);
			buildRules = (
			);
			dependencies = (
			);
			name = Groove;
			productName = Groove;
			productReference = A1C489532962F0900033790D /* Groove.app */;
			productType = "com.apple.product-type.application";
		};
		A1C489622962F0910033790D /* GrooveTests */ = {
			isa = PBXNativeTarget;
			buildConfigurationList = A1C4897A2962F0910033790D /* Build configuration list for PBXNativeTarget "GrooveTests" */;
			buildPhases = (
				A1C4895F2962F0910033790D /* Sources */,
				A1C489602962F0910033790D /* Frameworks */,
				A1C489612962F0910033790D /* Resources */,
			);
			buildRules = (
			);
			dependencies = (
				A1C489652962F0910033790D /* PBXTargetDependency */,
			);
			name = GrooveTests;
			productName = GrooveTests;
			productReference = A1C489632962F0910033790D /* GrooveTests.xctest */;
			productType = "com.apple.product-type.bundle.unit-test";
		};
		A1C4896C2962F0910033790D /* GrooveUITests */ = {
			isa = PBXNativeTarget;
			buildConfigurationList = A1C4897D2962F0910033790D /* Build configuration list for PBXNativeTarget "GrooveUITests" */;
			buildPhases = (
				A1C489692962F0910033790D /* Sources */,
				A1C4896A2962F0910033790D /* Frameworks */,
				A1C4896B2962F0910033790D /* Resources */,
			);
			buildRules = (
			);
			dependencies = (
				A1C4896F2962F0910033790D /* PBXTargetDependency */,
			);
			name = GrooveUITests;
			productName = GrooveUITests;
			productReference = A1C4896D2962F0910033790D /* GrooveUITests.xctest */;
			productType = "com.apple.product-type.bundle.ui-testing";
		};
/* End PBXNativeTarget section */

/* Begin PBXProject section */
		A1C4894B2962F0900033790D /* Project object */ = {
			isa = PBXProject;
			attributes = {
				BuildIndependentTargetsInParallel = 1;
				LastSwiftUpdateCheck = 1410;
				LastUpgradeCheck = 1410;
				TargetAttributes = {
					A1C489522962F0900033790D = {
						CreatedOnToolsVersion = 14.1;
					};
					A1C489622962F0910033790D = {
						CreatedOnToolsVersion = 14.1;
						TestTargetID = A1C489522962F0900033790D;
					};
					A1C4896C2962F0910033790D = {
						CreatedOnToolsVersion = 14.1;
						TestTargetID = A1C489522962F0900033790D;
					};
				};
			};
			buildConfigurationList = A1C4894E2962F0900033790D /* Build configuration list for PBXProject "Groove" */;
			compatibilityVersion = "Xcode 14.0";
			developmentRegion = en;
			hasScannedForEncodings = 0;
			knownRegions = (
				en,
				Base,
			);
			mainGroup = A1C4894A2962F0900033790D;
			productRefGroup = A1C489542962F0900033790D /* Products */;
			projectDirPath = "";
			projectRoot = "";
			targets = (
				A1C489522962F0900033790D /* Groove */,
				A1C489622962F0910033790D /* GrooveTests */,
				A1C4896C2962F0910033790D /* GrooveUITests */,
			);
		};
/* End PBXProject section */

/* Begin PBXResourcesBuildPhase section */
		A1C489512962F0900033790D /* Resources */ = {
			isa = PBXResourcesBuildPhase;
			buildActionMask = 2147483647;
			files = (
				A1C4895E2962F0900033790D /* Preview Assets.xcassets in Resources */,
				A1C4895B2962F0900033790D /* Assets.xcassets in Resources */,
			);
			runOnlyForDeploymentPostprocessing = 0;
		};
		A1C489612962F0910033790D /* Resources */ = {
			isa = PBXResourcesBuildPhase;
			buildActionMask = 2147483647;
			files = (
			);
			runOnlyForDeploymentPostprocessing = 0;
		};
		A1C4896B2962F0910033790D /* Resources */ = {
			isa = PBXResourcesBuildPhase;
			buildActionMask = 2147483647;
			files = (
			);
			runOnlyForDeploymentPostprocessing = 0;
		};
/* End PBXResourcesBuildPhase section */

/* Begin PBXSourcesBuildPhase section */
		A1C4894F2962F0900033790D /* Sources */ = {
			isa = PBXSourcesBuildPhase;
			buildActionMask = 2147483647;
			files = (
				A1C489592962F0900033790D /* ContentView.swift in Sources */,
				A1C489572962F0900033790D /* GrooveApp.swift in Sources */,
			);
			runOnlyForDeploymentPostprocessing = 0;
		};
		A1C4895F2962F0910033790D /* Sources */ = {
			isa = PBXSourcesBuildPhase;
			buildActionMask = 2147483647;
			files = (
				A1C489682962F0910033790D /* GrooveTests.swift in Sources */,
			);
			runOnlyForDeploymentPostprocessing = 0;
		};
		A1C489692962F0910033790D /* Sources */ = {
			isa = PBXSourcesBuildPhase;
			buildActionMask = 2147483647;
			files = (
				A1C489742962F0910033790D /* GrooveUITestsLaunchTests.swift in Sources */,
				A1C489722962F0910033790D /* GrooveUITests.swift in Sources */,
			);
			runOnlyForDeploymentPostprocessing = 0;
		};
/* End PBXSourcesBuildPhase section */

/* Begin PBXTargetDependency section */
		A1C489652962F0910033790D /* PBXTargetDependency */ = {
			isa = PBXTargetDependency;
			target = A1C489522962F0900033790D /* Groove */;
			targetProxy = A1C489642962F0910033790D /* PBXContainerItemProxy */;
		};
		A1C4896F2962F0910033790D /* PBXTargetDependency */ = {
			isa = PBXTargetDependency;
			target = A1C489522962F0900033790D /* Groove */;
			targetProxy = A1C4896E2962F0910033790D /* PBXContainerItemProxy */;
		};
/* End PBXTargetDependency section */

/* Begin XCBuildConfiguration section */
		A1C489752962F0910033790D /* Debug */ = {
			isa = XCBuildConfiguration;
			buildSettings = {
				ALWAYS_SEARCH_USER_PATHS = NO;
				CLANG_ANALYZER_NONNULL = YES;
				CLANG_ANALYZER_NUMBER_OBJECT_CONVERSION = YES_AGGRESSIVE;
				CLANG_CXX_LANGUAGE_STANDARD = "gnu++20";
				CLANG_ENABLE_MODULES = YES;
				CLANG_ENABLE_OBJC_ARC = YES;
				CLANG_ENABLE_OBJC_WEAK = YES;
				CLANG_WARN_BLOCK_CAPTURE_AUTORELEASING = YES;
				CLANG_WARN_BOOL_CONVERSION = YES;
				CLANG_WARN_COMMA = YES;
				CLANG_WARN_CONSTANT_CONVERSION = YES;
				CLANG_WARN_DEPRECATED_OBJC_IMPLEMENTATIONS = YES;
				CLANG_WARN_DIRECT_OBJC_ISA_USAGE = YES_ERROR;
				CLANG_WARN_DOCUMENTATION_COMMENTS = YES;
				CLANG_WARN_EMPTY_BODY = YES;
				CLANG_WARN_ENUM_CONVERSION = YES;
				CLANG_WARN_INFINITE_RECURSION = YES;
				CLANG_WARN_INT_CONVERSION = YES;
				CLANG_WARN_NON_LITERAL_NULL_CONVERSION = YES;
				CLANG_WARN_OBJC_IMPLICIT_RETAIN_SELF = YES;
				CLANG_WARN_OBJC_LITERAL_CONVERSION = YES;
				CLANG_WARN_OBJC_ROOT_CLASS = YES_ERROR;
				CLANG_WARN_QUOTED_INCLUDE_IN_FRAMEWORK_HEADER = YES;
				CLANG_WARN_RANGE_LOOP_ANALYSIS = YES;
				CLANG_WARN_STRICT_PROTOTYPES = YES;
				CLANG_WARN_SUSPICIOUS_MOVE = YES;
				CLANG_WARN_UNGUARDED_AVAILABILITY = YES_AGGRESSIVE;
				CLANG_WARN_UNREACHABLE_CODE = YES;
				CLANG_WARN__DUPLICATE_METHOD_MATCH = YES;
				COPY_PHASE_STRIP = NO;
				DEBUG_INFORMATION_FORMAT = dwarf;
				ENABLE_STRICT_OBJC_MSGSEND = YES;
				ENABLE_TESTABILITY = YES;
				GCC_C_LANGUAGE_STANDARD = gnu11;
				GCC_DYNAMIC_NO_PIC = NO;
				GCC_NO_COMMON_BLOCKS = YES;
				GCC_OPTIMIZATION_LEVEL = 0;
				GCC_PREPROCESSOR_DEFINITIONS = (
					"DEBUG=1",
					"$(inherited)",
				);
				GCC_WARN_64_TO_32_BIT_CONVERSION = YES;
				GCC_WARN_ABOUT_RETURN_TYPE = YES_ERROR;
				GCC_WARN_UNDECLARED_SELECTOR = YES;
				GCC_WARN_UNINITIALIZED_AUTOS = YES_AGGRESSIVE;
				GCC_WARN_UNUSED_FUNCTION = YES;
				GCC_WARN_UNUSED_VARIABLE = YES;
				IPHONEOS_DEPLOYMENT_TARGET = 16.1;
				MTL_ENABLE_DEBUG_INFO = INCLUDE_SOURCE;
				MTL_FAST_MATH = YES;
				ONLY_ACTIVE_ARCH = YES;
				SDKROOT = iphoneos;
				SWIFT_ACTIVE_COMPILATION_CONDITIONS = DEBUG;
				SWIFT_OPTIMIZATION_LEVEL = "-Onone";
			};
			name = Debug;
		};
		A1C489762962F0910033790D /* Release */ = {
			isa = XCBuildConfiguration;
			buildSettings = {
				ALWAYS_SEARCH_USER_PATHS = NO;
				CLANG_ANALYZER_NONNULL = YES;
				CLANG_ANALYZER_NUMBER_OBJECT_CONVERSION = YES_AGGRESSIVE;
				CLANG_CXX_LANGUAGE_STANDARD = "gnu++20";
				CLANG_ENABLE_MODULES = YES;
				CLANG_ENABLE_OBJC_ARC = YES;
				CLANG_ENABLE_OBJC_WEAK = YES;
				CLANG_WARN_BLOCK_CAPTURE_AUTORELEASING = YES;
				CLANG_WARN_BOOL_CONVERSION = YES;
				CLANG_WARN_COMMA = YES;
				CLANG_WARN_CONSTANT_CONVERSION = YES;
				CLANG_WARN_DEPRECATED_OBJC_IMPLEMENTATIONS = YES;
				CLANG_WARN_DIRECT_OBJC_ISA_USAGE = YES_ERROR;
				CLANG_WARN_DOCUMENTATION_COMMENTS = YES;
				CLANG_WARN_EMPTY_BODY = YES;
				CLANG_WARN_ENUM_CONVERSION = YES;
				CLANG_WARN_INFINITE_RECURSION = YES;
				CLANG_WARN_INT_CONVERSION = YES;
				CLANG_WARN_NON_LITERAL_NULL_CONVERSION = YES;
				CLANG_WARN_OBJC_IMPLICIT_RETAIN_SELF = YES;
				CLANG_WARN_OBJC_LITERAL_CONVERSION = YES;
				CLANG_WARN_OBJC_ROOT_CLASS = YES_ERROR;
				CLANG_WARN_QUOTED_INCLUDE_IN_FRAMEWORK_HEADER = YES;
				CLANG_WARN_RANGE_LOOP_ANALYSIS = YES;
				CLANG_WARN_STRICT_PROTOTYPES = YES;
				CLANG_WARN_SUSPICIOUS_MOVE = YES;
				CLANG_WARN_UNGUARDED_AVAILABILITY = YES_AGGRESSIVE;
				CLANG_WARN_UNREACHABLE_CODE = YES;
				CLANG_WARN__DUPLICATE_METHOD_MATCH = YES;
				COPY_PHASE_STRIP = NO;
				DEBUG_INFORMATION_FORMAT = "dwarf-with-dsym";
				ENABLE_NS_ASSERTIONS = NO;
				ENABLE_STRICT_OBJC_MSGSEND = YES;
				GCC_C_LANGUAGE_STANDARD = gnu11;
				GCC_NO_COMMON_BLOCKS = YES;
				GCC_WARN_64_TO_32_BIT_CONVERSION = YES;
				GCC_WARN_ABOUT_RETURN_TYPE = YES_ERROR;
				GCC_WARN_UNDECLARED_SELECTOR = YES;
				GCC_WARN_UNINITIALIZED_AUTOS = YES_AGGRESSIVE;
				GCC_WARN_UNUSED_FUNCTION = YES;
				GCC_WARN_UNUSED_VARIABLE = YES;
				IPHONEOS_DEPLOYMENT_TARGET = 16.1;
				MTL_ENABLE_DEBUG_INFO = NO;
				MTL_FAST_MATH = YES;
				SDKROOT = iphoneos;
				SWIFT_COMPILATION_MODE = wholemodule;
				SWIFT_OPTIMIZATION_LEVEL = "-O";
				VALIDATE_PRODUCT = YES;
			};
			name = Release;
		};
		A1C489782962F0910033790D /* Debug */ = {
			isa = XCBuildConfiguration;
			buildSettings = {
				ASSETCATALOG_COMPILER_APPICON_NAME = AppIcon;
				ASSETCATALOG_COMPILER_GLOBAL_ACCENT_COLOR_NAME = AccentColor;
				CODE_SIGN_STYLE = Automatic;
				CURRENT_PROJECT_VERSION = 1;
				DEVELOPMENT_ASSET_PATHS = "\"Groove/Preview Content\"";
				DEVELOPMENT_TEAM = 7HK327L86H;
				ENABLE_PREVIEWS = YES;
				GENERATE_INFOPLIST_FILE = YES;
				INFOPLIST_KEY_UIApplicationSceneManifest_Generation = YES;
				INFOPLIST_KEY_UIApplicationSupportsIndirectInputEvents = YES;
				INFOPLIST_KEY_UILaunchScreen_Generation = YES;
				INFOPLIST_KEY_UISupportedInterfaceOrientations_iPad = "UIInterfaceOrientationPortrait UIInterfaceOrientationPortraitUpsideDown UIInterfaceOrientationLandscapeLeft UIInterfaceOrientationLandscapeRight";
				INFOPLIST_KEY_UISupportedInterfaceOrientations_iPhone = "UIInterfaceOrientationPortrait UIInterfaceOrientationLandscapeLeft UIInterfaceOrientationLandscapeRight";
				LD_RUNPATH_SEARCH_PATHS = (
					"$(inherited)",
					"@executable_path/Frameworks",
				);
				MARKETING_VERSION = 1.0;
				PRODUCT_BUNDLE_IDENTIFIER = sajiemon.Groove;
				PRODUCT_NAME = "$(TARGET_NAME)";
				SWIFT_EMIT_LOC_STRINGS = YES;
				SWIFT_VERSION = 5.0;
				TARGETED_DEVICE_FAMILY = "1,2";
			};
			name = Debug;
		};
		A1C489792962F0910033790D /* Release */ = {
			isa = XCBuildConfiguration;
			buildSettings = {
				ASSETCATALOG_COMPILER_APPICON_NAME = AppIcon;
				ASSETCATALOG_COMPILER_GLOBAL_ACCENT_COLOR_NAME = AccentColor;
				CODE_SIGN_STYLE = Automatic;
				CURRENT_PROJECT_VERSION = 1;
				DEVELOPMENT_ASSET_PATHS = "\"Groove/Preview Content\"";
				DEVELOPMENT_TEAM = 7HK327L86H;
				ENABLE_PREVIEWS = YES;
				GENERATE_INFOPLIST_FILE = YES;
				INFOPLIST_KEY_UIApplicationSceneManifest_Generation = YES;
				INFOPLIST_KEY_UIApplicationSupportsIndirectInputEvents = YES;
				INFOPLIST_KEY_UILaunchScreen_Generation = YES;
				INFOPLIST_KEY_UISupportedInterfaceOrientations_iPad = "UIInterfaceOrientationPortrait UIInterfaceOrientationPortraitUpsideDown UIInterfaceOrientationLandscapeLeft UIInterfaceOrientationLandscapeRight";
				INFOPLIST_KEY_UISupportedInterfaceOrientations_iPhone = "UIInterfaceOrientationPortrait UIInterfaceOrientationLandscapeLeft UIInterfaceOrientationLandscapeRight";
				LD_RUNPATH_SEARCH_PATHS = (
					"$(inherited)",
					"@executable_path/Frameworks",
				);
				MARKETING_VERSION = 1.0;
				PRODUCT_BUNDLE_IDENTIFIER = sajiemon.Groove;
				PRODUCT_NAME = "$(TARGET_NAME)";
				SWIFT_EMIT_LOC_STRINGS = YES;
				SWIFT_VERSION = 5.0;
				TARGETED_DEVICE_FAMILY = "1,2";
			};
			name = Release;
		};
		A1C4897B2962F0910033790D /* Debug */ = {
			isa = XCBuildConfiguration;
			buildSettings = {
				ALWAYS_EMBED_SWIFT_STANDARD_LIBRARIES = YES;
				BUNDLE_LOADER = "$(TEST_HOST)";
				CODE_SIGN_STYLE = Automatic;
				CURRENT_PROJECT_VERSION = 1;
				DEVELOPMENT_TEAM = 7HK327L86H;
				GENERATE_INFOPLIST_FILE = YES;
				IPHONEOS_DEPLOYMENT_TARGET = 16.1;
				MARKETING_VERSION = 1.0;
				PRODUCT_BUNDLE_IDENTIFIER = sajiemon.GrooveTests;
				PRODUCT_NAME = "$(TARGET_NAME)";
				SWIFT_EMIT_LOC_STRINGS = NO;
				SWIFT_VERSION = 5.0;
				TARGETED_DEVICE_FAMILY = "1,2";
				TEST_HOST = "$(BUILT_PRODUCTS_DIR)/Groove.app/$(BUNDLE_EXECUTABLE_FOLDER_PATH)/Groove";
			};
			name = Debug;
		};
		A1C4897C2962F0910033790D /* Release */ = {
			isa = XCBuildConfiguration;
			buildSettings = {
				ALWAYS_EMBED_SWIFT_STANDARD_LIBRARIES = YES;
				BUNDLE_LOADER = "$(TEST_HOST)";
				CODE_SIGN_STYLE = Automatic;
				CURRENT_PROJECT_VERSION = 1;
				DEVELOPMENT_TEAM = 7HK327L86H;
				GENERATE_INFOPLIST_FILE = YES;
				IPHONEOS_DEPLOYMENT_TARGET = 16.1;
				MARKETING_VERSION = 1.0;
				PRODUCT_BUNDLE_IDENTIFIER = sajiemon.GrooveTests;
				PRODUCT_NAME = "$(TARGET_NAME)";
				SWIFT_EMIT_LOC_STRINGS = NO;
				SWIFT_VERSION = 5.0;
				TARGETED_DEVICE_FAMILY = "1,2";
				TEST_HOST = "$(BUILT_PRODUCTS_DIR)/Groove.app/$(BUNDLE_EXECUTABLE_FOLDER_PATH)/Groove";
			};
			name = Release;
		};
		A1C4897E2962F0910033790D /* Debug */ = {
			isa = XCBuildConfiguration;
			buildSettings = {
				ALWAYS_EMBED_SWIFT_STANDARD_LIBRARIES = YES;
				CODE_SIGN_STYLE = Automatic;
				CURRENT_PROJECT_VERSION = 1;
				DEVELOPMENT_TEAM = 7HK327L86H;
				GENERATE_INFOPLIST_FILE = YES;
				MARKETING_VERSION = 1.0;
				PRODUCT_BUNDLE_IDENTIFIER = sajiemon.GrooveUITests;
				PRODUCT_NAME = "$(TARGET_NAME)";
				SWIFT_EMIT_LOC_STRINGS = NO;
				SWIFT_VERSION = 5.0;
				TARGETED_DEVICE_FAMILY = "1,2";
				TEST_TARGET_NAME = Groove;
			};
			name = Debug;
		};
		A1C4897F2962F0910033790D /* Release */ = {
			isa = XCBuildConfiguration;
			buildSettings = {
				ALWAYS_EMBED_SWIFT_STANDARD_LIBRARIES = YES;
				CODE_SIGN_STYLE = Automatic;
				CURRENT_PROJECT_VERSION = 1;
				DEVELOPMENT_TEAM = 7HK327L86H;
				GENERATE_INFOPLIST_FILE = YES;
				MARKETING_VERSION = 1.0;
				PRODUCT_BUNDLE_IDENTIFIER = sajiemon.GrooveUITests;
				PRODUCT_NAME = "$(TARGET_NAME)";
				SWIFT_EMIT_LOC_STRINGS = NO;
				SWIFT_VERSION = 5.0;
				TARGETED_DEVICE_FAMILY = "1,2";
				TEST_TARGET_NAME = Groove;
			};
			name = Release;
		};
/* End XCBuildConfiguration section */

/* Begin XCConfigurationList section */
		A1C4894E2962F0900033790D /* Build configuration list for PBXProject "Groove" */ = {
			isa = XCConfigurationList;
			buildConfigurations = (
				A1C489752962F0910033790D /* Debug */,
				A1C489762962F0910033790D /* Release */,
			);
			defaultConfigurationIsVisible = 0;
			defaultConfigurationName = Release;
		};
		A1C489772962F0910033790D /* Build configuration list for PBXNativeTarget "Groove" */ = {
			isa = XCConfigurationList;
			buildConfigurations = (
				A1C489782962F0910033790D /* Debug */,
				A1C489792962F0910033790D /* Release */,
			);
			defaultConfigurationIsVisible = 0;
			defaultConfigurationName = Release;
		};
		A1C4897A2962F0910033790D /* Build configuration list for PBXNativeTarget "GrooveTests" */ = {
			isa = XCConfigurationList;
			buildConfigurations = (
				A1C4897B2962F0910033790D /* Debug */,
				A1C4897C2962F0910033790D /* Release */,
			);
			defaultConfigurationIsVisible = 0;
			defaultConfigurationName = Release;
		};
		A1C4897D2962F0910033790D /* Build configuration list for PBXNativeTarget "GrooveUITests" */ = {
			isa = XCConfigurationList;
			buildConfigurations = (
				A1C4897E2962F0910033790D /* Debug */,
				A1C4897F2962F0910033790D /* Release */,
			);
			defaultConfigurationIsVisible = 0;
			defaultConfigurationName = Release;
		};
/* End XCConfigurationList section */
	};
	rootObject = A1C4894B2962F0900033790D /* Project object */;
}
